
Microsoft Visual Studio Solution File, Format Version 12.00
# Visual Studio Version 17
VisualStudioVersion = 17.5.33424.131
MinimumVisualStudioVersion = 10.0.40219.1
Project("{FAE04EC0-301F-11D3-BF4B-00C04F79EFBC}") = "WebApplication1", "WebApplication1\WebApplication1.csproj", "{EB686FED-2D55-417E-9146-98B65AB334B6}"
EndProject
Global
	GlobalSection(SolutionConfigurationPlatforms) = preSolution
		Debug|Any CPU = Debug|Any CPU
		Release|Any CPU = Release|Any CPU
	EndGlobalSection
	GlobalSection(ProjectConfigurationPlatforms) = postSolution
		{EB686FED-2D55-417E-9146-98B65AB334B6}.Debug|Any CPU.ActiveCfg = Debug|Any CPU
		{EB686FED-2D55-417E-9146-98B65AB334B6}.Debug|Any CPU.Build.0 = Debug|Any CPU
		{EB686FED-2D55-417E-9146-98B65AB334B6}.Release|Any CPU.ActiveCfg = Release|Any CPU
		{EB686FED-2D55-417E-9146-98B65AB334B6}.Release|Any CPU.Build.0 = Release|Any CPU
	EndGlobalSection
	GlobalSection(SolutionProperties) = preSolution
		HideSolutionNode = FALSE
	EndGlobalSection
	GlobalSection(ExtensibilityGlobals) = postSolution
		SolutionGuid = {DAF5A585-B9D5-4FA7-83C5-3D677E7753B2}
	EndGlobalSection
EndGlobal
